{
  "name": "@gamecretaor/template_rpg",
  "version": "0.990.72",
  "lockfileVersion": 3,
  "requires": true,
  "packages": {
    "": {
      "name": "@gamecretaor/template_rpg",
      "version": "0.990.72",
      "license": "ISC",
      "devDependencies": {
        "@gamecreator/gc-editor-release": "^0.0.1",
        "@gamecreator/gc-template-vscode": "^0.0.8",
        "typescript": "^4.5.2"
      }
    },
    "node_modules/@gamecreator/gc-editor-release": {
      "version": "0.0.1",
      "resolved": "https://registry.npmjs.org/@gamecreator/gc-editor-release/-/gc-editor-release-0.0.1.tgz",
      "integrity": "sha512-I9CJN6gHnfLTt//OxSfEXWuGwHhG7BUpKCgqd+rYa0Uz7hnIpP7shXqZ1hrYh6qVrgQMRcy8nnfeuEaDyMZtRg==",
      "dev": true,
      "dependencies": {
        "fs-extra": "^10.0.0"
      },
      "bin": {
        "run": "bin/run.js"
      }
    },
    "node_modules/@gamecreator/gc-template-vscode": {
      "version": "0.0.8",
      "dev": true,
      "license": "ISC",
      "dependencies": {
        "fs-extra": "^10.0.0",
        "uglify-js": "^3.14.5"
      },
      "bin": {
        "gc_vscode_init": "bin/gc_vscode_init.js"
      }
    },
    "node_modules/fs-extra": {
      "version": "10.1.0",
      "dev": true,
      "license": "MIT",
      "dependencies": {
        "graceful-fs": "^4.2.0",
        "jsonfile": "^6.0.1",
        "universalify": "^2.0.0"
      },
      "engines": {
        "node": ">=12"
      }
    },
    "node_modules/graceful-fs": {
      "version": "4.2.11",
      "dev": true,
      "license": "ISC"
    },
    "node_modules/jsonfile": {
      "version": "6.1.0",
      "dev": true,
      "license": "MIT",
      "dependencies": {
        "universalify": "^2.0.0"
      },
      "optionalDependencies": {
        "graceful-fs": "^4.1.6"
      }
    },
    "node_modules/typescript": {
      "version": "4.9.5",
      "dev": true,
      "license": "Apache-2.0",
      "bin": {
        "tsc": "bin/tsc",
        "tsserver": "bin/tsserver"
      },
      "engines": {
        "node": ">=4.2.0"
      }
    },
    "node_modules/uglify-js": {
      "version": "3.17.4",
      "dev": true,
      "license": "BSD-2-Clause",
      "bin": {
        "uglifyjs": "bin/uglifyjs"
      },
      "engines": {
        "node": ">=0.8.0"
      }
    },
    "node_modules/universalify": {
      "version": "2.0.1",
      "dev": true,
      "license": "MIT",
      "engines": {
        "node": ">= 10.0.0"
      }
    }
  }
}
